
Microsoft Visual Studio Solution File, Format Version 12.00
# Visual Studio Version 16
VisualStudioVersion = 16.0.31112.23
MinimumVisualStudioVersion = 10.0.40219.1
Project("{8BC9CEB8-8B4A-11D0-8D11-00A0C91BC942}") = "client", "client.vcxproj", "{003EACFD-17A5-4FDF-AC0A-0C009EA758CF}"
EndProject
Global
	GlobalSection(SolutionConfigurationPlatforms) = preSolution
		Debug|x64 = Debug|x64
		Debug|x86 = Debug|x86
		Release|x64 = Release|x64
		Release|x86 = Release|x86
	EndGlobalSection
	GlobalSection(ProjectConfigurationPlatforms) = postSolution
		{003EACFD-17A5-4FDF-AC0A-0C009EA758CF}.Debug|x64.ActiveCfg = Debug|x64
		{003EACFD-17A5-4FDF-AC0A-0C009EA758CF}.Debug|x64.Build.0 = Debug|x64
		{003EACFD-17A5-4FDF-AC0A-0C009EA758CF}.Debug|x86.ActiveCfg = Debug|Win32
		{003EACFD-17A5-4FDF-AC0A-0C009EA758CF}.Debug|x86.Build.0 = Debug|Win32
		{003EACFD-17A5-4FDF-AC0A-0C009EA758CF}.Release|x64.ActiveCfg = Release|x64
		{003EACFD-17A5-4FDF-AC0A-0C009EA758CF}.Release|x64.Build.0 = Release|x64
		{003EACFD-17A5-4FDF-AC0A-0C009EA758CF}.Release|x86.ActiveCfg = Release|Win32
		{003EACFD-17A5-4FDF-AC0A-0C009EA758CF}.Release|x86.Build.0 = Release|Win32
	EndGlobalSection
	GlobalSection(SolutionProperties) = preSolution
		HideSolutionNode = FALSE
	EndGlobalSection
	GlobalSection(ExtensibilityGlobals) = postSolution
		SolutionGuid = {7BD10B95-BF88-49B3-9EB1-194D3B1B47C2}
	EndGlobalSection
EndGlobal
